
Microsoft Visual Studio Solution File, Format Version 12.00
# Visual Studio 14
VisualStudioVersion = 14.0.24720.0
MinimumVisualStudioVersion = 10.0.40219.1
Project("{FAE04EC0-301F-11D3-BF4B-00C04F79EFBC}") = "Stumblr", "Stumblr\Stumblr.csproj", "{F4E1161C-6D8B-44B3-A424-432BBC2FD3B0}"
EndProject
Project("{FAE04EC0-301F-11D3-BF4B-00C04F79EFBC}") = "UnitTests", "UnitTests\UnitTests.csproj", "{A1D6AC05-E901-4EEF-89F6-D8DFF2B1D083}"
EndProject
Global
	GlobalSection(SolutionConfigurationPlatforms) = preSolution
		Debug|Any CPU = Debug|Any CPU
		Release|Any CPU = Release|Any CPU
	EndGlobalSection
	GlobalSection(ProjectConfigurationPlatforms) = postSolution
		{F4E1161C-6D8B-44B3-A424-432BBC2FD3B0}.Debug|Any CPU.ActiveCfg = Debug|Any CPU
		{F4E1161C-6D8B-44B3-A424-432BBC2FD3B0}.Debug|Any CPU.Build.0 = Debug|Any CPU
		{F4E1161C-6D8B-44B3-A424-432BBC2FD3B0}.Release|Any CPU.ActiveCfg = Release|Any CPU
		{F4E1161C-6D8B-44B3-A424-432BBC2FD3B0}.Release|Any CPU.Build.0 = Release|Any CPU
		{A1D6AC05-E901-4EEF-89F6-D8DFF2B1D083}.Debug|Any CPU.ActiveCfg = Debug|Any CPU
		{A1D6AC05-E901-4EEF-89F6-D8DFF2B1D083}.Debug|Any CPU.Build.0 = Debug|Any CPU
		{A1D6AC05-E901-4EEF-89F6-D8DFF2B1D083}.Release|Any CPU.ActiveCfg = Release|Any CPU
		{A1D6AC05-E901-4EEF-89F6-D8DFF2B1D083}.Release|Any CPU.Build.0 = Release|Any CPU
	EndGlobalSection
	GlobalSection(SolutionProperties) = preSolution
		HideSolutionNode = FALSE
	EndGlobalSection
EndGlobal
